
Microsoft Visual Studio Solution File, Format Version 12.00
# Visual Studio 14
VisualStudioVersion = 14.0.25420.1
MinimumVisualStudioVersion = 10.0.40219.1
Project("{FAE04EC0-301F-11D3-BF4B-00C04F79EFBC}") = "NJT", "NJT\NJT.csproj", "{1657AA2F-8B5F-4CD3-AE02-B67FC1BFA2AC}"
EndProject
Project("{FAE04EC0-301F-11D3-BF4B-00C04F79EFBC}") = "NJTTests", "NJTTests\NJTTests.csproj", "{603426AC-CD9C-4585-9734-88CDDC5CD0D1}"
EndProject
Project("{FAE04EC0-301F-11D3-BF4B-00C04F79EFBC}") = "NJT.Ext", "NJT.Ext\NJT.Ext.csproj", "{748E3F91-1106-49A4-B670-5E2E8D694C40}"
EndProject
Project("{FAE04EC0-301F-11D3-BF4B-00C04F79EFBC}") = "年纪涛.简介", "年纪涛.简介\年纪涛.简介.csproj", "{170786C1-8FDB-4192-9B48-067930BD69CE}"
EndProject
Project("{FAE04EC0-301F-11D3-BF4B-00C04F79EFBC}") = "NJT.Demo", "DXApplication1\NJT.Demo\NJT.Demo.csproj", "{761934A3-4F4A-4233-B8FB-184B304F7D19}"
EndProject
Project("{FAE04EC0-301F-11D3-BF4B-00C04F79EFBC}") = "NJT.Tree.Wpf", "NJT.Tree.Wpf\NJT.Tree.Wpf.csproj", "{A117B9DC-3B15-47B3-9FCD-0DCA61DDAEB2}"
EndProject
Project("{FAE04EC0-301F-11D3-BF4B-00C04F79EFBC}") = "NJT.Tree.Wpf.Tests", "NJT.Tree.Wpf.Tests\NJT.Tree.Wpf.Tests.csproj", "{74553B3E-92EC-4308-A887-A76D5F55F6F5}"
EndProject
Project("{FAE04EC0-301F-11D3-BF4B-00C04F79EFBC}") = "NJT.Tree", "NJT.Tree\NJT.Tree.csproj", "{F33003D4-E67D-4B36-8B08-C238002CD26B}"
EndProject
Project("{FAE04EC0-301F-11D3-BF4B-00C04F79EFBC}") = "英文单词提取", "英文单词提取\英文单词提取.csproj", "{84C8840E-DF94-4B5C-862B-61C6B0E498D5}"
EndProject
Global
	GlobalSection(SolutionConfigurationPlatforms) = preSolution
		Debug|Any CPU = Debug|Any CPU
		Debug|ARM = Debug|ARM
		Debug|x64 = Debug|x64
		Debug|x86 = Debug|x86
		Release|Any CPU = Release|Any CPU
		Release|ARM = Release|ARM
		Release|x64 = Release|x64
		Release|x86 = Release|x86
	EndGlobalSection
	GlobalSection(ProjectConfigurationPlatforms) = postSolution
		{1657AA2F-8B5F-4CD3-AE02-B67FC1BFA2AC}.Debug|Any CPU.ActiveCfg = Debug|Any CPU
		{1657AA2F-8B5F-4CD3-AE02-B67FC1BFA2AC}.Debug|Any CPU.Build.0 = Debug|Any CPU
		{1657AA2F-8B5F-4CD3-AE02-B67FC1BFA2AC}.Debug|ARM.ActiveCfg = Debug|Any CPU
		{1657AA2F-8B5F-4CD3-AE02-B67FC1BFA2AC}.Debug|ARM.Build.0 = Debug|Any CPU
		{1657AA2F-8B5F-4CD3-AE02-B67FC1BFA2AC}.Debug|x64.ActiveCfg = Debug|Any CPU
		{1657AA2F-8B5F-4CD3-AE02-B67FC1BFA2AC}.Debug|x64.Build.0 = Debug|Any CPU
		{1657AA2F-8B5F-4CD3-AE02-B67FC1BFA2AC}.Debug|x86.ActiveCfg = Debug|Any CPU
		{1657AA2F-8B5F-4CD3-AE02-B67FC1BFA2AC}.Debug|x86.Build.0 = Debug|Any CPU
		{1657AA2F-8B5F-4CD3-AE02-B67FC1BFA2AC}.Release|Any CPU.ActiveCfg = Release|Any CPU
		{1657AA2F-8B5F-4CD3-AE02-B67FC1BFA2AC}.Release|Any CPU.Build.0 = Release|Any CPU
		{1657AA2F-8B5F-4CD3-AE02-B67FC1BFA2AC}.Release|ARM.ActiveCfg = Release|Any CPU
		{1657AA2F-8B5F-4CD3-AE02-B67FC1BFA2AC}.Release|ARM.Build.0 = Release|Any CPU
		{1657AA2F-8B5F-4CD3-AE02-B67FC1BFA2AC}.Release|x64.ActiveCfg = Release|Any CPU
		{1657AA2F-8B5F-4CD3-AE02-B67FC1BFA2AC}.Release|x64.Build.0 = Release|Any CPU
		{1657AA2F-8B5F-4CD3-AE02-B67FC1BFA2AC}.Release|x86.ActiveCfg = Release|Any CPU
		{1657AA2F-8B5F-4CD3-AE02-B67FC1BFA2AC}.Release|x86.Build.0 = Release|Any CPU
		{603426AC-CD9C-4585-9734-88CDDC5CD0D1}.Debug|Any CPU.ActiveCfg = Debug|Any CPU
		{603426AC-CD9C-4585-9734-88CDDC5CD0D1}.Debug|Any CPU.Build.0 = Debug|Any CPU
		{603426AC-CD9C-4585-9734-88CDDC5CD0D1}.Debug|ARM.ActiveCfg = Debug|Any CPU
		{603426AC-CD9C-4585-9734-88CDDC5CD0D1}.Debug|ARM.Build.0 = Debug|Any CPU
		{603426AC-CD9C-4585-9734-88CDDC5CD0D1}.Debug|x64.ActiveCfg = Debug|Any CPU
		{603426AC-CD9C-4585-9734-88CDDC5CD0D1}.Debug|x64.Build.0 = Debug|Any CPU
		{603426AC-CD9C-4585-9734-88CDDC5CD0D1}.Debug|x86.ActiveCfg = Debug|Any CPU
		{603426AC-CD9C-4585-9734-88CDDC5CD0D1}.Debug|x86.Build.0 = Debug|Any CPU
		{603426AC-CD9C-4585-9734-88CDDC5CD0D1}.Release|Any CPU.ActiveCfg = Release|Any CPU
		{603426AC-CD9C-4585-9734-88CDDC5CD0D1}.Release|Any CPU.Build.0 = Release|Any CPU
		{603426AC-CD9C-4585-9734-88CDDC5CD0D1}.Release|ARM.ActiveCfg = Release|Any CPU
		{603426AC-CD9C-4585-9734-88CDDC5CD0D1}.Release|ARM.Build.0 = Release|Any CPU
		{603426AC-CD9C-4585-9734-88CDDC5CD0D1}.Release|x64.ActiveCfg = Release|Any CPU
		{603426AC-CD9C-4585-9734-88CDDC5CD0D1}.Release|x64.Build.0 = Release|Any CPU
		{603426AC-CD9C-4585-9734-88CDDC5CD0D1}.Release|x86.ActiveCfg = Release|Any CPU
		{603426AC-CD9C-4585-9734-88CDDC5CD0D1}.Release|x86.Build.0 = Release|Any CPU
		{748E3F91-1106-49A4-B670-5E2E8D694C40}.Debug|Any CPU.ActiveCfg = Debug|Any CPU
		{748E3F91-1106-49A4-B670-5E2E8D694C40}.Debug|Any CPU.Build.0 = Debug|Any CPU
		{748E3F91-1106-49A4-B670-5E2E8D694C40}.Debug|ARM.ActiveCfg = Debug|Any CPU
		{748E3F91-1106-49A4-B670-5E2E8D694C40}.Debug|ARM.Build.0 = Debug|Any CPU
		{748E3F91-1106-49A4-B670-5E2E8D694C40}.Debug|x64.ActiveCfg = Debug|Any CPU
		{748E3F91-1106-49A4-B670-5E2E8D694C40}.Debug|x64.Build.0 = Debug|Any CPU
		{748E3F91-1106-49A4-B670-5E2E8D694C40}.Debug|x86.ActiveCfg = Debug|Any CPU
		{748E3F91-1106-49A4-B670-5E2E8D694C40}.Debug|x86.Build.0 = Debug|Any CPU
		{748E3F91-1106-49A4-B670-5E2E8D694C40}.Release|Any CPU.ActiveCfg = Release|Any CPU
		{748E3F91-1106-49A4-B670-5E2E8D694C40}.Release|Any CPU.Build.0 = Release|Any CPU
		{748E3F91-1106-49A4-B670-5E2E8D694C40}.Release|ARM.ActiveCfg = Release|Any CPU
		{748E3F91-1106-49A4-B670-5E2E8D694C40}.Release|ARM.Build.0 = Release|Any CPU
		{748E3F91-1106-49A4-B670-5E2E8D694C40}.Release|x64.ActiveCfg = Release|Any CPU
		{748E3F91-1106-49A4-B670-5E2E8D694C40}.Release|x64.Build.0 = Release|Any CPU
		{748E3F91-1106-49A4-B670-5E2E8D694C40}.Release|x86.ActiveCfg = Release|Any CPU
		{748E3F91-1106-49A4-B670-5E2E8D694C40}.Release|x86.Build.0 = Release|Any CPU
		{170786C1-8FDB-4192-9B48-067930BD69CE}.Debug|Any CPU.ActiveCfg = Debug|x86
		{170786C1-8FDB-4192-9B48-067930BD69CE}.Debug|ARM.ActiveCfg = Debug|ARM
		{170786C1-8FDB-4192-9B48-067930BD69CE}.Debug|ARM.Build.0 = Debug|ARM
		{170786C1-8FDB-4192-9B48-067930BD69CE}.Debug|ARM.Deploy.0 = Debug|ARM
		{170786C1-8FDB-4192-9B48-067930BD69CE}.Debug|x64.ActiveCfg = Debug|x64
		{170786C1-8FDB-4192-9B48-067930BD69CE}.Debug|x64.Build.0 = Debug|x64
		{170786C1-8FDB-4192-9B48-067930BD69CE}.Debug|x64.Deploy.0 = Debug|x64
		{170786C1-8FDB-4192-9B48-067930BD69CE}.Debug|x86.ActiveCfg = Debug|x86
		{170786C1-8FDB-4192-9B48-067930BD69CE}.Debug|x86.Build.0 = Debug|x86
		{170786C1-8FDB-4192-9B48-067930BD69CE}.Debug|x86.Deploy.0 = Debug|x86
		{170786C1-8FDB-4192-9B48-067930BD69CE}.Release|Any CPU.ActiveCfg = Release|x86
		{170786C1-8FDB-4192-9B48-067930BD69CE}.Release|ARM.ActiveCfg = Release|ARM
		{170786C1-8FDB-4192-9B48-067930BD69CE}.Release|ARM.Build.0 = Release|ARM
		{170786C1-8FDB-4192-9B48-067930BD69CE}.Release|ARM.Deploy.0 = Release|ARM
		{170786C1-8FDB-4192-9B48-067930BD69CE}.Release|x64.ActiveCfg = Release|x64
		{170786C1-8FDB-4192-9B48-067930BD69CE}.Release|x64.Build.0 = Release|x64
		{170786C1-8FDB-4192-9B48-067930BD69CE}.Release|x64.Deploy.0 = Release|x64
		{170786C1-8FDB-4192-9B48-067930BD69CE}.Release|x86.ActiveCfg = Release|x86
		{170786C1-8FDB-4192-9B48-067930BD69CE}.Release|x86.Build.0 = Release|x86
		{170786C1-8FDB-4192-9B48-067930BD69CE}.Release|x86.Deploy.0 = Release|x86
		{761934A3-4F4A-4233-B8FB-184B304F7D19}.Debug|Any CPU.ActiveCfg = Debug|Any CPU
		{761934A3-4F4A-4233-B8FB-184B304F7D19}.Debug|Any CPU.Build.0 = Debug|Any CPU
		{761934A3-4F4A-4233-B8FB-184B304F7D19}.Debug|ARM.ActiveCfg = Debug|Any CPU
		{761934A3-4F4A-4233-B8FB-184B304F7D19}.Debug|ARM.Build.0 = Debug|Any CPU
		{761934A3-4F4A-4233-B8FB-184B304F7D19}.Debug|x64.ActiveCfg = Debug|Any CPU
		{761934A3-4F4A-4233-B8FB-184B304F7D19}.Debug|x64.Build.0 = Debug|Any CPU
		{761934A3-4F4A-4233-B8FB-184B304F7D19}.Debug|x86.ActiveCfg = Debug|Any CPU
		{761934A3-4F4A-4233-B8FB-184B304F7D19}.Debug|x86.Build.0 = Debug|Any CPU
		{761934A3-4F4A-4233-B8FB-184B304F7D19}.Release|Any CPU.ActiveCfg = Release|Any CPU
		{761934A3-4F4A-4233-B8FB-184B304F7D19}.Release|Any CPU.Build.0 = Release|Any CPU
		{761934A3-4F4A-4233-B8FB-184B304F7D19}.Release|ARM.ActiveCfg = Release|Any CPU
		{761934A3-4F4A-4233-B8FB-184B304F7D19}.Release|ARM.Build.0 = Release|Any CPU
		{761934A3-4F4A-4233-B8FB-184B304F7D19}.Release|x64.ActiveCfg = Release|Any CPU
		{761934A3-4F4A-4233-B8FB-184B304F7D19}.Release|x64.Build.0 = Release|Any CPU
		{761934A3-4F4A-4233-B8FB-184B304F7D19}.Release|x86.ActiveCfg = Release|Any CPU
		{761934A3-4F4A-4233-B8FB-184B304F7D19}.Release|x86.Build.0 = Release|Any CPU
		{A117B9DC-3B15-47B3-9FCD-0DCA61DDAEB2}.Debug|Any CPU.ActiveCfg = Debug|Any CPU
		{A117B9DC-3B15-47B3-9FCD-0DCA61DDAEB2}.Debug|Any CPU.Build.0 = Debug|Any CPU
		{A117B9DC-3B15-47B3-9FCD-0DCA61DDAEB2}.Debug|ARM.ActiveCfg = Debug|Any CPU
		{A117B9DC-3B15-47B3-9FCD-0DCA61DDAEB2}.Debug|ARM.Build.0 = Debug|Any CPU
		{A117B9DC-3B15-47B3-9FCD-0DCA61DDAEB2}.Debug|x64.ActiveCfg = Debug|Any CPU
		{A117B9DC-3B15-47B3-9FCD-0DCA61DDAEB2}.Debug|x64.Build.0 = Debug|Any CPU
		{A117B9DC-3B15-47B3-9FCD-0DCA61DDAEB2}.Debug|x86.ActiveCfg = Debug|Any CPU
		{A117B9DC-3B15-47B3-9FCD-0DCA61DDAEB2}.Debug|x86.Build.0 = Debug|Any CPU
		{A117B9DC-3B15-47B3-9FCD-0DCA61DDAEB2}.Release|Any CPU.ActiveCfg = Release|Any CPU
		{A117B9DC-3B15-47B3-9FCD-0DCA61DDAEB2}.Release|Any CPU.Build.0 = Release|Any CPU
		{A117B9DC-3B15-47B3-9FCD-0DCA61DDAEB2}.Release|ARM.ActiveCfg = Release|Any CPU
		{A117B9DC-3B15-47B3-9FCD-0DCA61DDAEB2}.Release|ARM.Build.0 = Release|Any CPU
		{A117B9DC-3B15-47B3-9FCD-0DCA61DDAEB2}.Release|x64.ActiveCfg = Release|Any CPU
		{A117B9DC-3B15-47B3-9FCD-0DCA61DDAEB2}.Release|x64.Build.0 = Release|Any CPU
		{A117B9DC-3B15-47B3-9FCD-0DCA61DDAEB2}.Release|x86.ActiveCfg = Release|Any CPU
		{A117B9DC-3B15-47B3-9FCD-0DCA61DDAEB2}.Release|x86.Build.0 = Release|Any CPU
		{74553B3E-92EC-4308-A887-A76D5F55F6F5}.Debug|Any CPU.ActiveCfg = Debug|Any CPU
		{74553B3E-92EC-4308-A887-A76D5F55F6F5}.Debug|Any CPU.Build.0 = Debug|Any CPU
		{74553B3E-92EC-4308-A887-A76D5F55F6F5}.Debug|ARM.ActiveCfg = Debug|Any CPU
		{74553B3E-92EC-4308-A887-A76D5F55F6F5}.Debug|ARM.Build.0 = Debug|Any CPU
		{74553B3E-92EC-4308-A887-A76D5F55F6F5}.Debug|x64.ActiveCfg = Debug|Any CPU
		{74553B3E-92EC-4308-A887-A76D5F55F6F5}.Debug|x64.Build.0 = Debug|Any CPU
		{74553B3E-92EC-4308-A887-A76D5F55F6F5}.Debug|x86.ActiveCfg = Debug|Any CPU
		{74553B3E-92EC-4308-A887-A76D5F55F6F5}.Debug|x86.Build.0 = Debug|Any CPU
		{74553B3E-92EC-4308-A887-A76D5F55F6F5}.Release|Any CPU.ActiveCfg = Release|Any CPU
		{74553B3E-92EC-4308-A887-A76D5F55F6F5}.Release|Any CPU.Build.0 = Release|Any CPU
		{74553B3E-92EC-4308-A887-A76D5F55F6F5}.Release|ARM.ActiveCfg = Release|Any CPU
		{74553B3E-92EC-4308-A887-A76D5F55F6F5}.Release|ARM.Build.0 = Release|Any CPU
		{74553B3E-92EC-4308-A887-A76D5F55F6F5}.Release|x64.ActiveCfg = Release|Any CPU
		{74553B3E-92EC-4308-A887-A76D5F55F6F5}.Release|x64.Build.0 = Release|Any CPU
		{74553B3E-92EC-4308-A887-A76D5F55F6F5}.Release|x86.ActiveCfg = Release|Any CPU
		{74553B3E-92EC-4308-A887-A76D5F55F6F5}.Release|x86.Build.0 = Release|Any CPU
		{F33003D4-E67D-4B36-8B08-C238002CD26B}.Debug|Any CPU.ActiveCfg = Debug|Any CPU
		{F33003D4-E67D-4B36-8B08-C238002CD26B}.Debug|Any CPU.Build.0 = Debug|Any CPU
		{F33003D4-E67D-4B36-8B08-C238002CD26B}.Debug|ARM.ActiveCfg = Debug|ARM
		{F33003D4-E67D-4B36-8B08-C238002CD26B}.Debug|ARM.Build.0 = Debug|ARM
		{F33003D4-E67D-4B36-8B08-C238002CD26B}.Debug|x64.ActiveCfg = Debug|x64
		{F33003D4-E67D-4B36-8B08-C238002CD26B}.Debug|x64.Build.0 = Debug|x64
		{F33003D4-E67D-4B36-8B08-C238002CD26B}.Debug|x86.ActiveCfg = Debug|x86
		{F33003D4-E67D-4B36-8B08-C238002CD26B}.Debug|x86.Build.0 = Debug|x86
		{F33003D4-E67D-4B36-8B08-C238002CD26B}.Release|Any CPU.ActiveCfg = Release|Any CPU
		{F33003D4-E67D-4B36-8B08-C238002CD26B}.Release|Any CPU.Build.0 = Release|Any CPU
		{F33003D4-E67D-4B36-8B08-C238002CD26B}.Release|ARM.ActiveCfg = Release|ARM
		{F33003D4-E67D-4B36-8B08-C238002CD26B}.Release|ARM.Build.0 = Release|ARM
		{F33003D4-E67D-4B36-8B08-C238002CD26B}.Release|x64.ActiveCfg = Release|x64
		{F33003D4-E67D-4B36-8B08-C238002CD26B}.Release|x64.Build.0 = Release|x64
		{F33003D4-E67D-4B36-8B08-C238002CD26B}.Release|x86.ActiveCfg = Release|x86
		{F33003D4-E67D-4B36-8B08-C238002CD26B}.Release|x86.Build.0 = Release|x86
		{84C8840E-DF94-4B5C-862B-61C6B0E498D5}.Debug|Any CPU.ActiveCfg = Debug|x86
		{84C8840E-DF94-4B5C-862B-61C6B0E498D5}.Debug|ARM.ActiveCfg = Debug|ARM
		{84C8840E-DF94-4B5C-862B-61C6B0E498D5}.Debug|ARM.Build.0 = Debug|ARM
		{84C8840E-DF94-4B5C-862B-61C6B0E498D5}.Debug|ARM.Deploy.0 = Debug|ARM
		{84C8840E-DF94-4B5C-862B-61C6B0E498D5}.Debug|x64.ActiveCfg = Debug|x64
		{84C8840E-DF94-4B5C-862B-61C6B0E498D5}.Debug|x64.Build.0 = Debug|x64
		{84C8840E-DF94-4B5C-862B-61C6B0E498D5}.Debug|x64.Deploy.0 = Debug|x64
		{84C8840E-DF94-4B5C-862B-61C6B0E498D5}.Debug|x86.ActiveCfg = Debug|x86
		{84C8840E-DF94-4B5C-862B-61C6B0E498D5}.Debug|x86.Build.0 = Debug|x86
		{84C8840E-DF94-4B5C-862B-61C6B0E498D5}.Debug|x86.Deploy.0 = Debug|x86
		{84C8840E-DF94-4B5C-862B-61C6B0E498D5}.Release|Any CPU.ActiveCfg = Release|x86
		{84C8840E-DF94-4B5C-862B-61C6B0E498D5}.Release|ARM.ActiveCfg = Release|ARM
		{84C8840E-DF94-4B5C-862B-61C6B0E498D5}.Release|ARM.Build.0 = Release|ARM
		{84C8840E-DF94-4B5C-862B-61C6B0E498D5}.Release|ARM.Deploy.0 = Release|ARM
		{84C8840E-DF94-4B5C-862B-61C6B0E498D5}.Release|x64.ActiveCfg = Release|x64
		{84C8840E-DF94-4B5C-862B-61C6B0E498D5}.Release|x64.Build.0 = Release|x64
		{84C8840E-DF94-4B5C-862B-61C6B0E498D5}.Release|x64.Deploy.0 = Release|x64
		{84C8840E-DF94-4B5C-862B-61C6B0E498D5}.Release|x86.ActiveCfg = Release|x86
		{84C8840E-DF94-4B5C-862B-61C6B0E498D5}.Release|x86.Build.0 = Release|x86
		{84C8840E-DF94-4B5C-862B-61C6B0E498D5}.Release|x86.Deploy.0 = Release|x86
	EndGlobalSection
	GlobalSection(SolutionProperties) = preSolution
		HideSolutionNode = FALSE
	EndGlobalSection
EndGlobal
